
Microsoft Visual Studio Solution File, Format Version 12.00
# Visual Studio Version 17
VisualStudioVersion = 17.13.35825.156 d17.13
MinimumVisualStudioVersion = 10.0.40219.1
Project("{FAE04EC0-301F-11D3-BF4B-00C04F79EFBC}") = "SystemeDeQueteAvalonia", "SystemeDeQueteAvalonia.csproj", "{979C12F8-681A-48BA-B65D-6CA00034974E}"
EndProject
Global
	GlobalSection(SolutionConfigurationPlatforms) = preSolution
		Debug|Any CPU = Debug|Any CPU
		Release|Any CPU = Release|Any CPU
	EndGlobalSection
	GlobalSection(ProjectConfigurationPlatforms) = postSolution
		{979C12F8-681A-48BA-B65D-6CA00034974E}.Debug|Any CPU.ActiveCfg = Debug|Any CPU
		{979C12F8-681A-48BA-B65D-6CA00034974E}.Debug|Any CPU.Build.0 = Debug|Any CPU
		{979C12F8-681A-48BA-B65D-6CA00034974E}.Release|Any CPU.ActiveCfg = Release|Any CPU
		{979C12F8-681A-48BA-B65D-6CA00034974E}.Release|Any CPU.Build.0 = Release|Any CPU
	EndGlobalSection
	GlobalSection(SolutionProperties) = preSolution
		HideSolutionNode = FALSE
	EndGlobalSection
	GlobalSection(ExtensibilityGlobals) = postSolution
		SolutionGuid = {AAD25DB4-B2E2-40EC-912B-D3F10A776BCD}
	EndGlobalSection
EndGlobal
